
Microsoft Visual Studio Solution File, Format Version 12.00
# Visual Studio 15
VisualStudioVersion = 15.0.26730.15
MinimumVisualStudioVersion = 10.0.40219.1
Project("{FAE04EC0-301F-11D3-BF4B-00C04F79EFBC}") = "Modelo Costes", "Modelo Costes\Modelo Costes.csproj", "{2A51A13F-9AD4-467E-A50B-2925340B1756}"
EndProject
Global
	GlobalSection(SolutionConfigurationPlatforms) = preSolution
		Debug|Any CPU = Debug|Any CPU
		Release|Any CPU = Release|Any CPU
	EndGlobalSection
	GlobalSection(ProjectConfigurationPlatforms) = postSolution
		{2A51A13F-9AD4-467E-A50B-2925340B1756}.Debug|Any CPU.ActiveCfg = Debug|Any CPU
		{2A51A13F-9AD4-467E-A50B-2925340B1756}.Debug|Any CPU.Build.0 = Debug|Any CPU
		{2A51A13F-9AD4-467E-A50B-2925340B1756}.Release|Any CPU.ActiveCfg = Release|Any CPU
		{2A51A13F-9AD4-467E-A50B-2925340B1756}.Release|Any CPU.Build.0 = Release|Any CPU
	EndGlobalSection
	GlobalSection(SolutionProperties) = preSolution
		HideSolutionNode = FALSE
	EndGlobalSection
	GlobalSection(ExtensibilityGlobals) = postSolution
		SolutionGuid = {6DDBB9C2-8D88-4B46-8E1C-83130BCC7117}
	EndGlobalSection
EndGlobal
